PODS:
  - ChameleonFramework/Default (2.1.0)
  - ChameleonFramework/Swift (2.1.0):
    - ChameleonFramework/Default
  - ChromaColorPicker (1.7)
  - CloudCore (2.0.1)
  - SwipeCellKit (2.0.1)

DEPENDENCIES:
  - ChameleonFramework/Swift (from `https://github.com/ViccAlexander/Chameleon.git`)
  - ChromaColorPicker
  - CloudCore (~> 2.0)
  - SwipeCellKit

EXTERNAL SOURCES:
  ChameleonFramework:
    :git: https://github.com/ViccAlexander/Chameleon.git

CHECKOUT OPTIONS:
  ChameleonFramework:
    :commit: 6dd284bde21ea2e7f9fd89bc36f40df16e16369d
    :git: https://github.com/ViccAlexander/Chameleon.git

SPEC CHECKSUMS:
  ChameleonFramework: d21a3cc247abfe5e37609a283a8238b03575cf64
  ChromaColorPicker: 33efa67b17cca51dd253689d18b83ac7e05642c2
  CloudCore: 1d0eff6948afeb6964004b28819d77b3fbaf88be
  SwipeCellKit: 76888d93d1843dc568fdf38fff21b15dbbcf6b28

PODFILE CHECKSUM: 43817efe04624e20e712595d3351d7e65d6b78ef

COCOAPODS: 1.4.0
