// !$*UTF8*$!
{
	archiveVersion = 1;
	classes = {
	};
	objectVersion = 50;
	objects = {

/* Begin PBXBuildFile section */
		4145C3F22075D86D004F60B8 /* AppDelegate.swift in Sources */ = {isa = PBXBuildFile; fileRef = 4145C3F12075D86D004F60B8 /* AppDelegate.swift */; };
		4145C3F42075D86D004F60B8 /* PrimaryViewController.swift in Sources */ = {isa = PBXBuildFile; fileRef = 4145C3F32075D86D004F60B8 /* PrimaryViewController.swift */; };
		4145C3F72075D86D004F60B8 /* Main.storyboard in Resources */ = {isa = PBXBuildFile; fileRef = 4145C3F52075D86D004F60B8 /* Main.storyboard */; };
		4145C3F92075D86E004F60B8 /* Assets.xcassets in Resources */ = {isa = PBXBuildFile; fileRef = 4145C3F82075D86E004F60B8 /* Assets.xcassets */; };
		4145C3FC2075D86E004F60B8 /* LaunchScreen.storyboard in Resources */ = {isa = PBXBuildFile; fileRef = 4145C3FA2075D86E004F60B8 /* LaunchScreen.storyboard */; };
		417B39F22095151A00ECFA4E /* NotificationCenter.framework in Frameworks */ = {isa = PBXBuildFile; fileRef = 417B39F12095151A00ECFA4E /* NotificationCenter.framework */; };
		417B39F52095151A00ECFA4E /* TodayViewController.swift in Sources */ = {isa = PBXBuildFile; fileRef = 417B39F42095151A00ECFA4E /* TodayViewController.swift */; };
		417B39F82095151A00ECFA4E /* MainInterface.storyboard in Resources */ = {isa = PBXBuildFile; fileRef = 417B39F62095151A00ECFA4E /* MainInterface.storyboard */; };
		417B39FC2095151A00ECFA4E /* TodayExtension.appex in Embed App Extensions */ = {isa = PBXBuildFile; fileRef = 417B39F02095151A00ECFA4E /* TodayExtension.appex */; settings = {ATTRIBUTES = (RemoveHeadersOnCopy, ); }; };
		417B3A0220951C9100ECFA4E /* DataModel.xcdatamodeld in Sources */ = {isa = PBXBuildFile; fileRef = 419B754A20762602005B8C88 /* DataModel.xcdatamodeld */; };
		4188D7FB2083984500A894D2 /* NotificationsViewController.swift in Sources */ = {isa = PBXBuildFile; fileRef = 4188D7FA2083984500A894D2 /* NotificationsViewController.swift */; };
		419B754C20762602005B8C88 /* DataModel.xcdatamodeld in Sources */ = {isa = PBXBuildFile; fileRef = 419B754A20762602005B8C88 /* DataModel.xcdatamodeld */; };
		419B756F20763FAA005B8C88 /* CategoryTableViewController.swift in Sources */ = {isa = PBXBuildFile; fileRef = 419B756E20763FAA005B8C88 /* CategoryTableViewController.swift */; };
		41A21F6D20814AE200E21724 /* DescriptionViewController.swift in Sources */ = {isa = PBXBuildFile; fileRef = 41A21F6C20814AE200E21724 /* DescriptionViewController.swift */; };
		41EB03E12096206A00CDD267 /* SummaryViewController.swift in Sources */ = {isa = PBXBuildFile; fileRef = 41EB03E02096206A00CDD267 /* SummaryViewController.swift */; };
		41F8361320865F81003676E5 /* GeoNotificationViewController.swift in Sources */ = {isa = PBXBuildFile; fileRef = 41F8361220865F81003676E5 /* GeoNotificationViewController.swift */; };
		41F8361520865FE7003676E5 /* MapKit.framework in Frameworks */ = {isa = PBXBuildFile; fileRef = 41F8361420865FE7003676E5 /* MapKit.framework */; };
		4FDB1BA1DE6CC600F4938C6E /* Pods_i_list.framework in Frameworks */ = {isa = PBXBuildFile; fileRef = CEE8EEF02796E914C25AD58E /* Pods_i_list.framework */; };
/* End PBXBuildFile section */

/* Begin PBXContainerItemProxy section */
		417B39FA2095151A00ECFA4E /* PBXContainerItemProxy */ = {
			isa = PBXContainerItemProxy;
			containerPortal = 4145C3E62075D86C004F60B8 /* Project object */;
			proxyType = 1;
			remoteGlobalIDString = 417B39EF2095151A00ECFA4E;
			remoteInfo = TodayExtension;
		};
/* End PBXContainerItemProxy section */

/* Begin PBXCopyFilesBuildPhase section */
		417B3A002095151A00ECFA4E /* Embed App Extensions */ = {
			isa = PBXCopyFilesBuildPhase;
			buildActionMask = 2147483647;
			dstPath = "";
			dstSubfolderSpec = 13;
			files = (
				417B39FC2095151A00ECFA4E /* TodayExtension.appex in Embed App Extensions */,
			);
			name = "Embed App Extensions";
			runOnlyForDeploymentPostprocessing = 0;
		};
/* End PBXCopyFilesBuildPhase section */

/* Begin PBXFileReference section */
		22D70561911F147D2DDAD8F1 /* Pods-i-list.release.xcconfig */ = {isa = PBXFileReference; includeInIndex = 1; lastKnownFileType = text.xcconfig; name = "Pods-i-list.release.xcconfig"; path = "Pods/Target Support Files/Pods-i-list/Pods-i-list.release.xcconfig"; sourceTree = "<group>"; };
		37B0990154616E95E74F6DF2 /* Pods-i-list.debug.xcconfig */ = {isa = PBXFileReference; includeInIndex = 1; lastKnownFileType = text.xcconfig; name = "Pods-i-list.debug.xcconfig"; path = "Pods/Target Support Files/Pods-i-list/Pods-i-list.debug.xcconfig"; sourceTree = "<group>"; };
		4142091E208979B400835030 /* i-list.entitlements */ = {isa = PBXFileReference; lastKnownFileType = text.plist.entitlements; path = "i-list.entitlements"; sourceTree = "<group>"; };
		4145C3EE2075D86C004F60B8 /* i-list.app */ = {isa = PBXFileReference; explicitFileType = wrapper.application; includeInIndex = 0; path = "i-list.app"; sourceTree = BUILT_PRODUCTS_DIR; };
		4145C3F12075D86D004F60B8 /* AppDelegate.swift */ = {isa = PBXFileReference; lastKnownFileType = sourcecode.swift; path = AppDelegate.swift; sourceTree = "<group>"; };
		4145C3F32075D86D004F60B8 /* PrimaryViewController.swift */ = {isa = PBXFileReference; lastKnownFileType = sourcecode.swift; path = PrimaryViewController.swift; sourceTree = "<group>"; };
		4145C3F62075D86D004F60B8 /* Base */ = {isa = PBXFileReference; lastKnownFileType = file.storyboard; name = Base; path = Base.lproj/Main.storyboard; sourceTree = "<group>"; };
		4145C3F82075D86E004F60B8 /* Assets.xcassets */ = {isa = PBXFileReference; lastKnownFileType = folder.assetcatalog; path = Assets.xcassets; sourceTree = "<group>"; };
		4145C3FB2075D86E004F60B8 /* Base */ = {isa = PBXFileReference; lastKnownFileType = file.storyboard; name = Base; path = Base.lproj/LaunchScreen.storyboard; sourceTree = "<group>"; };
		4145C3FD2075D86E004F60B8 /* Info.plist */ = {isa = PBXFileReference; lastKnownFileType = text.plist.xml; path = Info.plist; sourceTree = "<group>"; };
		417B39F02095151A00ECFA4E /* TodayExtension.appex */ = {isa = PBXFileReference; explicitFileType = "wrapper.app-extension"; includeInIndex = 0; path = TodayExtension.appex; sourceTree = BUILT_PRODUCTS_DIR; };
		417B39F12095151A00ECFA4E /* NotificationCenter.framework */ = {isa = PBXFileReference; lastKnownFileType = wrapper.framework; name = NotificationCenter.framework; path = System/Library/Frameworks/NotificationCenter.framework; sourceTree = SDKROOT; };
		417B39F42095151A00ECFA4E /* TodayViewController.swift */ = {isa = PBXFileReference; lastKnownFileType = sourcecode.swift; path = TodayViewController.swift; sourceTree = "<group>"; };
		417B39F72095151A00ECFA4E /* Base */ = {isa = PBXFileReference; lastKnownFileType = file.storyboard; name = Base; path = Base.lproj/MainInterface.storyboard; sourceTree = "<group>"; };
		417B39F92095151A00ECFA4E /* Info.plist */ = {isa = PBXFileReference; lastKnownFileType = text.plist.xml; path = Info.plist; sourceTree = "<group>"; };
		417B3A012095199400ECFA4E /* TodayExtension.entitlements */ = {isa = PBXFileReference; lastKnownFileType = text.plist.entitlements; path = TodayExtension.entitlements; sourceTree = "<group>"; };
		4188D7FA2083984500A894D2 /* NotificationsViewController.swift */ = {isa = PBXFileReference; lastKnownFileType = sourcecode.swift; name = NotificationsViewController.swift; path = "i-list/Controllers/NotificationsViewController.swift"; sourceTree = SOURCE_ROOT; };
		419B754B20762602005B8C88 /* DataModel.xcdatamodel */ = {isa = PBXFileReference; lastKnownFileType = wrapper.xcdatamodel; path = DataModel.xcdatamodel; sourceTree = "<group>"; };
		419B756E20763FAA005B8C88 /* CategoryTableViewController.swift */ = {isa = PBXFileReference; lastKnownFileType = sourcecode.swift; name = CategoryTableViewController.swift; path = "i-list/Controllers/CategoryTableViewController.swift"; sourceTree = SOURCE_ROOT; };
		41A21F6C20814AE200E21724 /* DescriptionViewController.swift */ = {isa = PBXFileReference; lastKnownFileType = sourcecode.swift; name = DescriptionViewController.swift; path = "i-list/Controllers/DescriptionViewController.swift"; sourceTree = SOURCE_ROOT; };
		41EB03E02096206A00CDD267 /* SummaryViewController.swift */ = {isa = PBXFileReference; lastKnownFileType = sourcecode.swift; path = SummaryViewController.swift; sourceTree = "<group>"; };
		41F8361220865F81003676E5 /* GeoNotificationViewController.swift */ = {isa = PBXFileReference; lastKnownFileType = sourcecode.swift; name = GeoNotificationViewController.swift; path = "i-list/Controllers/GeoNotificationViewController.swift"; sourceTree = SOURCE_ROOT; };
		41F8361420865FE7003676E5 /* MapKit.framework */ = {isa = PBXFileReference; lastKnownFileType = wrapper.framework; name = MapKit.framework; path = System/Library/Frameworks/MapKit.framework; sourceTree = SDKROOT; };
		CEE8EEF02796E914C25AD58E /* Pods_i_list.framework */ = {isa = PBXFileReference; explicitFileType = wrapper.framework; includeInIndex = 0; path = Pods_i_list.framework; sourceTree = BUILT_PRODUCTS_DIR; };
/* End PBXFileReference section */

/* Begin PBXFrameworksBuildPhase section */
		4145C3EB2075D86C004F60B8 /* Frameworks */ = {
			isa = PBXFrameworksBuildPhase;
			buildActionMask = 2147483647;
			files = (
				41F8361520865FE7003676E5 /* MapKit.framework in Frameworks */,
				4FDB1BA1DE6CC600F4938C6E /* Pods_i_list.framework in Frameworks */,
			);
			runOnlyForDeploymentPostprocessing = 0;
		};
		417B39ED2095151A00ECFA4E /* Frameworks */ = {
			isa = PBXFrameworksBuildPhase;
			buildActionMask = 2147483647;
			files = (
				417B39F22095151A00ECFA4E /* NotificationCenter.framework in Frameworks */,
			);
			runOnlyForDeploymentPostprocessing = 0;
		};
/* End PBXFrameworksBuildPhase section */

/* Begin PBXGroup section */
		2BFC9271B9DFF18B44E05AB3 /* Frameworks */ = {
			isa = PBXGroup;
			children = (
				41F8361420865FE7003676E5 /* MapKit.framework */,
				CEE8EEF02796E914C25AD58E /* Pods_i_list.framework */,
				417B39F12095151A00ECFA4E /* NotificationCenter.framework */,
			);
			name = Frameworks;
			sourceTree = "<group>";
		};
		4145C3E52075D86C004F60B8 = {
			isa = PBXGroup;
			children = (
				4145C3F02075D86C004F60B8 /* i-list */,
				417B39F32095151A00ECFA4E /* TodayExtension */,
				4145C3EF2075D86C004F60B8 /* Products */,
				7B81851C5E8FF5271219A5CD /* Pods */,
				2BFC9271B9DFF18B44E05AB3 /* Frameworks */,
			);
			sourceTree = "<group>";
		};
		4145C3EF2075D86C004F60B8 /* Products */ = {
			isa = PBXGroup;
			children = (
				4145C3EE2075D86C004F60B8 /* i-list.app */,
				417B39F02095151A00ECFA4E /* TodayExtension.appex */,
			);
			name = Products;
			sourceTree = "<group>";
		};
		4145C3F02075D86C004F60B8 /* i-list */ = {
			isa = PBXGroup;
			children = (
				4142091E208979B400835030 /* i-list.entitlements */,
				4145C3F12075D86D004F60B8 /* AppDelegate.swift */,
				4145C4062075F1F0004F60B8 /* Controllers */,
				4145C4052075F1D6004F60B8 /* Data Model */,
				4145C4072075F22B004F60B8 /* Views */,
				4145C4082075F239004F60B8 /* Supporting */,
				4145C3FD2075D86E004F60B8 /* Info.plist */,
			);
			path = "i-list";
			sourceTree = "<group>";
		};
		4145C4052075F1D6004F60B8 /* Data Model */ = {
			isa = PBXGroup;
			children = (
				419B754A20762602005B8C88 /* DataModel.xcdatamodeld */,
			);
			path = "Data Model";
			sourceTree = "<group>";
		};
		4145C4062075F1F0004F60B8 /* Controllers */ = {
			isa = PBXGroup;
			children = (
				419B756E20763FAA005B8C88 /* CategoryTableViewController.swift */,
				4145C3F32075D86D004F60B8 /* PrimaryViewController.swift */,
				41A21F6C20814AE200E21724 /* DescriptionViewController.swift */,
				41EB03E02096206A00CDD267 /* SummaryViewController.swift */,
				4188D7FA2083984500A894D2 /* NotificationsViewController.swift */,
				41F8361220865F81003676E5 /* GeoNotificationViewController.swift */,
			);
			path = Controllers;
			sourceTree = "<group>";
		};
		4145C4072075F22B004F60B8 /* Views */ = {
			isa = PBXGroup;
			children = (
				4145C3F52075D86D004F60B8 /* Main.storyboard */,
			);
			path = Views;
			sourceTree = "<group>";
		};
		4145C4082075F239004F60B8 /* Supporting */ = {
			isa = PBXGroup;
			children = (
				4145C3F82075D86E004F60B8 /* Assets.xcassets */,
				4145C3FA2075D86E004F60B8 /* LaunchScreen.storyboard */,
			);
			path = Supporting;
			sourceTree = "<group>";
		};
		417B39F32095151A00ECFA4E /* TodayExtension */ = {
			isa = PBXGroup;
			children = (
				417B3A012095199400ECFA4E /* TodayExtension.entitlements */,
				417B39F42095151A00ECFA4E /* TodayViewController.swift */,
				417B39F62095151A00ECFA4E /* MainInterface.storyboard */,
				417B39F92095151A00ECFA4E /* Info.plist */,
			);
			path = TodayExtension;
			sourceTree = "<group>";
		};
		7B81851C5E8FF5271219A5CD /* Pods */ = {
			isa = PBXGroup;
			children = (
				37B0990154616E95E74F6DF2 /* Pods-i-list.debug.xcconfig */,
				22D70561911F147D2DDAD8F1 /* Pods-i-list.release.xcconfig */,
			);
			name = Pods;
			sourceTree = "<group>";
		};
/* End PBXGroup section */

/* Begin PBXNativeTarget section */
		4145C3ED2075D86C004F60B8 /* i-list */ = {
			isa = PBXNativeTarget;
			buildConfigurationList = 4145C4002075D86E004F60B8 /* Build configuration list for PBXNativeTarget "i-list" */;
			buildPhases = (
				F34218BB08F277921C409F06 /* [CP] Check Pods Manifest.lock */,
				4145C3EA2075D86C004F60B8 /* Sources */,
				4145C3EB2075D86C004F60B8 /* Frameworks */,
				4145C3EC2075D86C004F60B8 /* Resources */,
				362F43643CBFACE1629185B8 /* [CP] Embed Pods Frameworks */,
				02987E44DCD1071061A48368 /* [CP] Copy Pods Resources */,
				417B3A002095151A00ECFA4E /* Embed App Extensions */,
			);
			buildRules = (
			);
			dependencies = (
				417B39FB2095151A00ECFA4E /* PBXTargetDependency */,
			);
			name = "i-list";
			productName = "i-list";
			productReference = 4145C3EE2075D86C004F60B8 /* i-list.app */;
			productType = "com.apple.product-type.application";
		};
		417B39EF2095151A00ECFA4E /* TodayExtension */ = {
			isa = PBXNativeTarget;
			buildConfigurationList = 417B39FF2095151A00ECFA4E /* Build configuration list for PBXNativeTarget "TodayExtension" */;
			buildPhases = (
				417B39EC2095151A00ECFA4E /* Sources */,
				417B39ED2095151A00ECFA4E /* Frameworks */,
				417B39EE2095151A00ECFA4E /* Resources */,
			);
			buildRules = (
			);
			dependencies = (
			);
			name = TodayExtension;
			productName = TodayExtension;
			productReference = 417B39F02095151A00ECFA4E /* TodayExtension.appex */;
			productType = "com.apple.product-type.app-extension";
		};
/* End PBXNativeTarget section */

/* Begin PBXProject section */
		4145C3E62075D86C004F60B8 /* Project object */ = {
			isa = PBXProject;
			attributes = {
				LastSwiftUpdateCheck = 0930;
				LastUpgradeCheck = 0930;
				ORGANIZATIONNAME = "Abdullah  Ali Shah";
				TargetAttributes = {
					4145C3ED2075D86C004F60B8 = {
						CreatedOnToolsVersion = 9.3;
						SystemCapabilities = {
							com.apple.ApplicationGroups.iOS = {
								enabled = 1;
							};
							com.apple.BackgroundModes = {
								enabled = 1;
							};
							com.apple.Maps.iOS = {
								enabled = 1;
							};
							com.apple.Push = {
								enabled = 1;
							};
							com.apple.iCloud = {
								enabled = 0;
							};
						};
					};
					417B39EF2095151A00ECFA4E = {
						CreatedOnToolsVersion = 9.3;
						SystemCapabilities = {
							com.apple.ApplicationGroups.iOS = {
								enabled = 1;
							};
						};
					};
				};
			};
			buildConfigurationList = 4145C3E92075D86C004F60B8 /* Build configuration list for PBXProject "i-list" */;
			compatibilityVersion = "Xcode 9.3";
			developmentRegion = en;
			hasScannedForEncodings = 0;
			knownRegions = (
				en,
				Base,
			);
			mainGroup = 4145C3E52075D86C004F60B8;
			productRefGroup = 4145C3EF2075D86C004F60B8 /* Products */;
			projectDirPath = "";
			projectRoot = "";
			targets = (
				4145C3ED2075D86C004F60B8 /* i-list */,
				417B39EF2095151A00ECFA4E /* TodayExtension */,
			);
		};
/* End PBXProject section */

/* Begin PBXResourcesBuildPhase section */
		4145C3EC2075D86C004F60B8 /* Resources */ = {
			isa = PBXResourcesBuildPhase;
			buildActionMask = 2147483647;
			files = (
				4145C3FC2075D86E004F60B8 /* LaunchScreen.storyboard in Resources */,
				4145C3F92075D86E004F60B8 /* Assets.xcassets in Resources */,
				4145C3F72075D86D004F60B8 /* Main.storyboard in Resources */,
			);
			runOnlyForDeploymentPostprocessing = 0;
		};
		417B39EE2095151A00ECFA4E /* Resources */ = {
			isa = PBXResourcesBuildPhase;
			buildActionMask = 2147483647;
			files = (
				417B39F82095151A00ECFA4E /* MainInterface.storyboard in Resources */,
			);
			runOnlyForDeploymentPostprocessing = 0;
		};
/* End PBXResourcesBuildPhase section */

/* Begin PBXShellScriptBuildPhase section */
		02987E44DCD1071061A48368 /* [CP] Copy Pods Resources */ = {
			isa = PBXShellScriptBuildPhase;
			buildActionMask = 2147483647;
			files = (
			);
			inputPaths = (
			);
			name = "[CP] Copy Pods Resources";
			outputPaths = (
			);
			runOnlyForDeploymentPostprocessing = 0;
			shellPath = /bin/sh;
			shellScript = "\"${SRCROOT}/Pods/Target Support Files/Pods-i-list/Pods-i-list-resources.sh\"\n";
			showEnvVarsInLog = 0;
		};
		362F43643CBFACE1629185B8 /* [CP] Embed Pods Frameworks */ = {
			isa = PBXShellScriptBuildPhase;
			buildActionMask = 2147483647;
			files = (
			);
			inputPaths = (
				"${SRCROOT}/Pods/Target Support Files/Pods-i-list/Pods-i-list-frameworks.sh",
				"${BUILT_PRODUCTS_DIR}/ChameleonFramework/ChameleonFramework.framework",
				"${BUILT_PRODUCTS_DIR}/CloudCore/CloudCore.framework",
				"${BUILT_PRODUCTS_DIR}/SwipeCellKit/SwipeCellKit.framework",
			);
			name = "[CP] Embed Pods Frameworks";
			outputPaths = (
				"${TARGET_BUILD_DIR}/${FRAMEWORKS_FOLDER_PATH}/ChameleonFramework.framework",
				"${TARGET_BUILD_DIR}/${FRAMEWORKS_FOLDER_PATH}/CloudCore.framework",
				"${TARGET_BUILD_DIR}/${FRAMEWORKS_FOLDER_PATH}/SwipeCellKit.framework",
			);
			runOnlyForDeploymentPostprocessing = 0;
			shellPath = /bin/sh;
			shellScript = "\"${SRCROOT}/Pods/Target Support Files/Pods-i-list/Pods-i-list-frameworks.sh\"\n";
			showEnvVarsInLog = 0;
		};
		F34218BB08F277921C409F06 /* [CP] Check Pods Manifest.lock */ = {
			isa = PBXShellScriptBuildPhase;
			buildActionMask = 2147483647;
			files = (
			);
			inputPaths = (
				"${PODS_PODFILE_DIR_PATH}/Podfile.lock",
				"${PODS_ROOT}/Manifest.lock",
			);
			name = "[CP] Check Pods Manifest.lock";
			outputPaths = (
				"$(DERIVED_FILE_DIR)/Pods-i-list-checkManifestLockResult.txt",
			);
			runOnlyForDeploymentPostprocessing = 0;
			shellPath = /bin/sh;
			shellScript = "diff \"${PODS_PODFILE_DIR_PATH}/Podfile.lock\" \"${PODS_ROOT}/Manifest.lock\" > /dev/null\nif [ $? != 0 ] ; then\n    # print error to STDERR\n    echo \"error: The sandbox is not in sync with the Podfile.lock. Run 'pod install' or update your CocoaPods installation.\" >&2\n    exit 1\nfi\n# This output is used by Xcode 'outputs' to avoid re-running this script phase.\necho \"SUCCESS\" > \"${SCRIPT_OUTPUT_FILE_0}\"\n";
			showEnvVarsInLog = 0;
		};
/* End PBXShellScriptBuildPhase section */

/* Begin PBXSourcesBuildPhase section */
		4145C3EA2075D86C004F60B8 /* Sources */ = {
			isa = PBXSourcesBuildPhase;
			buildActionMask = 2147483647;
			files = (
				4145C3F42075D86D004F60B8 /* PrimaryViewController.swift in Sources */,
				419B754C20762602005B8C88 /* DataModel.xcdatamodeld in Sources */,
				4145C3F22075D86D004F60B8 /* AppDelegate.swift in Sources */,
				41EB03E12096206A00CDD267 /* SummaryViewController.swift in Sources */,
				4188D7FB2083984500A894D2 /* NotificationsViewController.swift in Sources */,
				41A21F6D20814AE200E21724 /* DescriptionViewController.swift in Sources */,
				41F8361320865F81003676E5 /* GeoNotificationViewController.swift in Sources */,
				419B756F20763FAA005B8C88 /* CategoryTableViewController.swift in Sources */,
			);
			runOnlyForDeploymentPostprocessing = 0;
		};
		417B39EC2095151A00ECFA4E /* Sources */ = {
			isa = PBXSourcesBuildPhase;
			buildActionMask = 2147483647;
			files = (
				417B39F52095151A00ECFA4E /* TodayViewController.swift in Sources */,
				417B3A0220951C9100ECFA4E /* DataModel.xcdatamodeld in Sources */,
			);
			runOnlyForDeploymentPostprocessing = 0;
		};
/* End PBXSourcesBuildPhase section */

/* Begin PBXTargetDependency section */
		417B39FB2095151A00ECFA4E /* PBXTargetDependency */ = {
			isa = PBXTargetDependency;
			target = 417B39EF2095151A00ECFA4E /* TodayExtension */;
			targetProxy = 417B39FA2095151A00ECFA4E /* PBXContainerItemProxy */;
		};
/* End PBXTargetDependency section */

/* Begin PBXVariantGroup section */
		4145C3F52075D86D004F60B8 /* Main.storyboard */ = {
			isa = PBXVariantGroup;
			children = (
				4145C3F62075D86D004F60B8 /* Base */,
			);
			name = Main.storyboard;
			sourceTree = "<group>";
		};
		4145C3FA2075D86E004F60B8 /* LaunchScreen.storyboard */ = {
			isa = PBXVariantGroup;
			children = (
				4145C3FB2075D86E004F60B8 /* Base */,
			);
			name = LaunchScreen.storyboard;
			sourceTree = "<group>";
		};
		417B39F62095151A00ECFA4E /* MainInterface.storyboard */ = {
			isa = PBXVariantGroup;
			children = (
				417B39F72095151A00ECFA4E /* Base */,
			);
			name = MainInterface.storyboard;
			sourceTree = "<group>";
		};
/* End PBXVariantGroup section */

/* Begin XCBuildConfiguration section */
		4145C3FE2075D86E004F60B8 /* Debug */ = {
			isa = XCBuildConfiguration;
			buildSettings = {
				ALWAYS_SEARCH_USER_PATHS = NO;
				CLANG_ANALYZER_NONNULL = YES;
				CLANG_ANALYZER_NUMBER_OBJECT_CONVERSION = YES_AGGRESSIVE;
				CLANG_CXX_LANGUAGE_STANDARD = "gnu++14";
				CLANG_CXX_LIBRARY = "libc++";
				CLANG_ENABLE_MODULES = YES;
				CLANG_ENABLE_OBJC_ARC = YES;
				CLANG_ENABLE_OBJC_WEAK = YES;
				CLANG_WARN_BLOCK_CAPTURE_AUTORELEASING = YES;
				CLANG_WARN_BOOL_CONVERSION = YES;
				CLANG_WARN_COMMA = YES;
				CLANG_WARN_CONSTANT_CONVERSION = YES;
				CLANG_WARN_DEPRECATED_OBJC_IMPLEMENTATIONS = YES;
				CLANG_WARN_DIRECT_OBJC_ISA_USAGE = YES_ERROR;
				CLANG_WARN_DOCUMENTATION_COMMENTS = YES;
				CLANG_WARN_EMPTY_BODY = YES;
				CLANG_WARN_ENUM_CONVERSION = YES;
				CLANG_WARN_INFINITE_RECURSION = YES;
				CLANG_WARN_INT_CONVERSION = YES;
				CLANG_WARN_NON_LITERAL_NULL_CONVERSION = YES;
				CLANG_WARN_OBJC_IMPLICIT_RETAIN_SELF = YES;
				CLANG_WARN_OBJC_LITERAL_CONVERSION = YES;
				CLANG_WARN_OBJC_ROOT_CLASS = YES_ERROR;
				CLANG_WARN_RANGE_LOOP_ANALYSIS = YES;
				CLANG_WARN_STRICT_PROTOTYPES = YES;
				CLANG_WARN_SUSPICIOUS_MOVE = YES;
				CLANG_WARN_UNGUARDED_AVAILABILITY = YES_AGGRESSIVE;
				CLANG_WARN_UNREACHABLE_CODE = YES;
				CLANG_WARN__DUPLICATE_METHOD_MATCH = YES;
				CODE_SIGN_IDENTITY = "iPhone Developer";
				COPY_PHASE_STRIP = NO;
				DEBUG_INFORMATION_FORMAT = dwarf;
				ENABLE_STRICT_OBJC_MSGSEND = YES;
				ENABLE_TESTABILITY = YES;
				GCC_C_LANGUAGE_STANDARD = gnu11;
				GCC_DYNAMIC_NO_PIC = NO;
				GCC_NO_COMMON_BLOCKS = YES;
				GCC_OPTIMIZATION_LEVEL = 0;
				GCC_PREPROCESSOR_DEFINITIONS = (
					"DEBUG=1",
					"$(inherited)",
				);
				GCC_WARN_64_TO_32_BIT_CONVERSION = YES;
				GCC_WARN_ABOUT_RETURN_TYPE = YES_ERROR;
				GCC_WARN_UNDECLARED_SELECTOR = YES;
				GCC_WARN_UNINITIALIZED_AUTOS = YES_AGGRESSIVE;
				GCC_WARN_UNUSED_FUNCTION = YES;
				GCC_WARN_UNUSED_VARIABLE = YES;
				IPHONEOS_DEPLOYMENT_TARGET = 11.3;
				MTL_ENABLE_DEBUG_INFO = YES;
				ONLY_ACTIVE_ARCH = YES;
				SDKROOT = iphoneos;
				SWIFT_ACTIVE_COMPILATION_CONDITIONS = DEBUG;
				SWIFT_OPTIMIZATION_LEVEL = "-Onone";
			};
			name = Debug;
		};
		4145C3FF2075D86E004F60B8 /* Release */ = {
			isa = XCBuildConfiguration;
			buildSettings = {
				ALWAYS_SEARCH_USER_PATHS = NO;
				CLANG_ANALYZER_NONNULL = YES;
				CLANG_ANALYZER_NUMBER_OBJECT_CONVERSION = YES_AGGRESSIVE;
				CLANG_CXX_LANGUAGE_STANDARD = "gnu++14";
				CLANG_CXX_LIBRARY = "libc++";
				CLANG_ENABLE_MODULES = YES;
				CLANG_ENABLE_OBJC_ARC = YES;
				CLANG_ENABLE_OBJC_WEAK = YES;
				CLANG_WARN_BLOCK_CAPTURE_AUTORELEASING = YES;
				CLANG_WARN_BOOL_CONVERSION = YES;
				CLANG_WARN_COMMA = YES;
				CLANG_WARN_CONSTANT_CONVERSION = YES;
				CLANG_WARN_DEPRECATED_OBJC_IMPLEMENTATIONS = YES;
				CLANG_WARN_DIRECT_OBJC_ISA_USAGE = YES_ERROR;
				CLANG_WARN_DOCUMENTATION_COMMENTS = YES;
				CLANG_WARN_EMPTY_BODY = YES;
				CLANG_WARN_ENUM_CONVERSION = YES;
				CLANG_WARN_INFINITE_RECURSION = YES;
				CLANG_WARN_INT_CONVERSION = YES;
				CLANG_WARN_NON_LITERAL_NULL_CONVERSION = YES;
				CLANG_WARN_OBJC_IMPLICIT_RETAIN_SELF = YES;
				CLANG_WARN_OBJC_LITERAL_CONVERSION = YES;
				CLANG_WARN_OBJC_ROOT_CLASS = YES_ERROR;
				CLANG_WARN_RANGE_LOOP_ANALYSIS = YES;
				CLANG_WARN_STRICT_PROTOTYPES = YES;
				CLANG_WARN_SUSPICIOUS_MOVE = YES;
				CLANG_WARN_UNGUARDED_AVAILABILITY = YES_AGGRESSIVE;
				CLANG_WARN_UNREACHABLE_CODE = YES;
				CLANG_WARN__DUPLICATE_METHOD_MATCH = YES;
				CODE_SIGN_IDENTITY = "iPhone Developer";
				COPY_PHASE_STRIP = NO;
				DEBUG_INFORMATION_FORMAT = "dwarf-with-dsym";
				ENABLE_NS_ASSERTIONS = NO;
				ENABLE_STRICT_OBJC_MSGSEND = YES;
				GCC_C_LANGUAGE_STANDARD = gnu11;
				GCC_NO_COMMON_BLOCKS = YES;
				GCC_WARN_64_TO_32_BIT_CONVERSION = YES;
				GCC_WARN_ABOUT_RETURN_TYPE = YES_ERROR;
				GCC_WARN_UNDECLARED_SELECTOR = YES;
				GCC_WARN_UNINITIALIZED_AUTOS = YES_AGGRESSIVE;
				GCC_WARN_UNUSED_FUNCTION = YES;
				GCC_WARN_UNUSED_VARIABLE = YES;
				IPHONEOS_DEPLOYMENT_TARGET = 11.3;
				MTL_ENABLE_DEBUG_INFO = NO;
				SDKROOT = iphoneos;
				SWIFT_COMPILATION_MODE = wholemodule;
				SWIFT_OPTIMIZATION_LEVEL = "-O";
				VALIDATE_PRODUCT = YES;
			};
			name = Release;
		};
		4145C4012075D86E004F60B8 /* Debug */ = {
			isa = XCBuildConfiguration;
			baseConfigurationReference = 37B0990154616E95E74F6DF2 /* Pods-i-list.debug.xcconfig */;
			buildSettings = {
				ALWAYS_EMBED_SWIFT_STANDARD_LIBRARIES = YES;
				ASSETCATALOG_COMPILER_APPICON_NAME = AppIcon;
				CODE_SIGN_ENTITLEMENTS = "i-list/i-list.entitlements";
				CODE_SIGN_STYLE = Automatic;
				DEVELOPMENT_TEAM = VTZ756JMSN;
				INFOPLIST_FILE = "i-list/Info.plist";
				LD_RUNPATH_SEARCH_PATHS = (
					"$(inherited)",
					"@executable_path/Frameworks",
				);
				PRODUCT_BUNDLE_IDENTIFIER = "com.i-ali.i-list";
				PRODUCT_NAME = "$(TARGET_NAME)";
				SWIFT_VERSION = 4.0;
				TARGETED_DEVICE_FAMILY = "1,2";
			};
			name = Debug;
		};
		4145C4022075D86E004F60B8 /* Release */ = {
			isa = XCBuildConfiguration;
			baseConfigurationReference = 22D70561911F147D2DDAD8F1 /* Pods-i-list.release.xcconfig */;
			buildSettings = {
				ALWAYS_EMBED_SWIFT_STANDARD_LIBRARIES = YES;
				ASSETCATALOG_COMPILER_APPICON_NAME = AppIcon;
				CODE_SIGN_ENTITLEMENTS = "i-list/i-list.entitlements";
				CODE_SIGN_STYLE = Automatic;
				DEVELOPMENT_TEAM = VTZ756JMSN;
				INFOPLIST_FILE = "i-list/Info.plist";
				LD_RUNPATH_SEARCH_PATHS = (
					"$(inherited)",
					"@executable_path/Frameworks",
				);
				PRODUCT_BUNDLE_IDENTIFIER = "com.i-ali.i-list";
				PRODUCT_NAME = "$(TARGET_NAME)";
				SWIFT_VERSION = 4.0;
				TARGETED_DEVICE_FAMILY = "1,2";
			};
			name = Release;
		};
		417B39FD2095151A00ECFA4E /* Debug */ = {
			isa = XCBuildConfiguration;
			buildSettings = {
				CODE_SIGN_ENTITLEMENTS = TodayExtension/TodayExtension.entitlements;
				CODE_SIGN_STYLE = Automatic;
				DEVELOPMENT_TEAM = VTZ756JMSN;
				INFOPLIST_FILE = TodayExtension/Info.plist;
				LD_RUNPATH_SEARCH_PATHS = (
					"$(inherited)",
					"@executable_path/Frameworks",
					"@executable_path/../../Frameworks",
				);
				PRODUCT_BUNDLE_IDENTIFIER = "com.i-ali.i-list.TodayExtension";
				PRODUCT_NAME = "$(TARGET_NAME)";
				SKIP_INSTALL = YES;
				SWIFT_VERSION = 4.0;
				TARGETED_DEVICE_FAMILY = "1,2";
			};
			name = Debug;
		};
		417B39FE2095151A00ECFA4E /* Release */ = {
			isa = XCBuildConfiguration;
			buildSettings = {
				CODE_SIGN_ENTITLEMENTS = TodayExtension/TodayExtension.entitlements;
				CODE_SIGN_STYLE = Automatic;
				DEVELOPMENT_TEAM = VTZ756JMSN;
				INFOPLIST_FILE = TodayExtension/Info.plist;
				LD_RUNPATH_SEARCH_PATHS = (
					"$(inherited)",
					"@executable_path/Frameworks",
					"@executable_path/../../Frameworks",
				);
				PRODUCT_BUNDLE_IDENTIFIER = "com.i-ali.i-list.TodayExtension";
				PRODUCT_NAME = "$(TARGET_NAME)";
				SKIP_INSTALL = YES;
				SWIFT_VERSION = 4.0;
				TARGETED_DEVICE_FAMILY = "1,2";
			};
			name = Release;
		};
/* End XCBuildConfiguration section */

/* Begin XCConfigurationList section */
		4145C3E92075D86C004F60B8 /* Build configuration list for PBXProject "i-list" */ = {
			isa = XCConfigurationList;
			buildConfigurations = (
				4145C3FE2075D86E004F60B8 /* Debug */,
				4145C3FF2075D86E004F60B8 /* Release */,
			);
			defaultConfigurationIsVisible = 0;
			defaultConfigurationName = Release;
		};
		4145C4002075D86E004F60B8 /* Build configuration list for PBXNativeTarget "i-list" */ = {
			isa = XCConfigurationList;
			buildConfigurations = (
				4145C4012075D86E004F60B8 /* Debug */,
				4145C4022075D86E004F60B8 /* Release */,
			);
			defaultConfigurationIsVisible = 0;
			defaultConfigurationName = Release;
		};
		417B39FF2095151A00ECFA4E /* Build configuration list for PBXNativeTarget "TodayExtension" */ = {
			isa = XCConfigurationList;
			buildConfigurations = (
				417B39FD2095151A00ECFA4E /* Debug */,
				417B39FE2095151A00ECFA4E /* Release */,
			);
			defaultConfigurationIsVisible = 0;
			defaultConfigurationName = Release;
		};
/* End XCConfigurationList section */

/* Begin XCVersionGroup section */
		419B754A20762602005B8C88 /* DataModel.xcdatamodeld */ = {
			isa = XCVersionGroup;
			children = (
				419B754B20762602005B8C88 /* DataModel.xcdatamodel */,
			);
			currentVersion = 419B754B20762602005B8C88 /* DataModel.xcdatamodel */;
			path = DataModel.xcdatamodeld;
			sourceTree = "<group>";
			versionGroupType = wrapper.xcdatamodel;
		};
/* End XCVersionGroup section */
	};
	rootObject = 4145C3E62075D86C004F60B8 /* Project object */;
}
